// !$*UTF8*$!
{
	archiveVersion = 1;
	classes = {
	};
	objectVersion = 46;
	objects = {

/* Begin PBXBuildFile section */
		8021A5A31B28C96500481134 /* AppDelegate.swift in Sources */ = {isa = PBXBuildFile; fileRef = 8021A5A21B28C96500481134 /* AppDelegate.swift */; };
		8021A5A51B28C96500481134 /* ChecklistViewController.swift in Sources */ = {isa = PBXBuildFile; fileRef = 8021A5A41B28C96500481134 /* ChecklistViewController.swift */; };
		8021A5A81B28C96500481134 /* Main.storyboard in Resources */ = {isa = PBXBuildFile; fileRef = 8021A5A61B28C96500481134 /* Main.storyboard */; };
		8021A5AA1B28C96500481134 /* Images.xcassets in Resources */ = {isa = PBXBuildFile; fileRef = 8021A5A91B28C96500481134 /* Images.xcassets */; };
		8021A5AD1B28C96500481134 /* LaunchScreen.xib in Resources */ = {isa = PBXBuildFile; fileRef = 8021A5AB1B28C96500481134 /* LaunchScreen.xib */; };
		8021A5B91B28C96500481134 /* ChecklistsTests.swift in Sources */ = {isa = PBXBuildFile; fileRef = 8021A5B81B28C96500481134 /* ChecklistsTests.swift */; };
		8046C8811B2F7401008792DA /* ChecklistItem.swift in Sources */ = {isa = PBXBuildFile; fileRef = 8046C8801B2F7401008792DA /* ChecklistItem.swift */; };
/* End PBXBuildFile section */

/* Begin PBXContainerItemProxy section */
		8021A5B31B28C96500481134 /* PBXContainerItemProxy */ = {
			isa = PBXContainerItemProxy;
			containerPortal = 8021A5951B28C96500481134 /* Project object */;
			proxyType = 1;
			remoteGlobalIDString = 8021A59C1B28C96500481134;
			remoteInfo = Checklists;
		};
/* End PBXContainerItemProxy section */

/* Begin PBXFileReference section */
		8021A59D1B28C96500481134 /* Checklists.app */ = {isa = PBXFileReference; explicitFileType = wrapper.application; includeInIndex = 0; path = Checklists.app; sourceTree = BUILT_PRODUCTS_DIR; };
		8021A5A11B28C96500481134 /* Info.plist */ = {isa = PBXFileReference; lastKnownFileType = text.plist.xml; path = Info.plist; sourceTree = "<group>"; };
		8021A5A21B28C96500481134 /* AppDelegate.swift */ = {isa = PBXFileReference; lastKnownFileType = sourcecode.swift; path = AppDelegate.swift; sourceTree = "<group>"; };
		8021A5A41B28C96500481134 /* ChecklistViewController.swift */ = {isa = PBXFileReference; lastKnownFileType = sourcecode.swift; path = ChecklistViewController.swift; sourceTree = "<group>"; };
		8021A5A71B28C96500481134 /* Base */ = {isa = PBXFileReference; lastKnownFileType = file.storyboard; name = Base; path = Base.lproj/Main.storyboard; sourceTree = "<group>"; };
		8021A5A91B28C96500481134 /* Images.xcassets */ = {isa = PBXFileReference; lastKnownFileType = folder.assetcatalog; path = Images.xcassets; sourceTree = "<group>"; };
		8021A5AC1B28C96500481134 /* Base */ = {isa = PBXFileReference; lastKnownFileType = file.xib; name = Base; path = Base.lproj/LaunchScreen.xib; sourceTree = "<group>"; };
		8021A5B21B28C96500481134 /* ChecklistsTests.xctest */ = {isa = PBXFileReference; explicitFileType = wrapper.cfbundle; includeInIndex = 0; path = ChecklistsTests.xctest; sourceTree = BUILT_PRODUCTS_DIR; };
		8021A5B71B28C96500481134 /* Info.plist */ = {isa = PBXFileReference; lastKnownFileType = text.plist.xml; path = Info.plist; sourceTree = "<group>"; };
		8021A5B81B28C96500481134 /* ChecklistsTests.swift */ = {isa = PBXFileReference; lastKnownFileType = sourcecode.swift; path = ChecklistsTests.swift; sourceTree = "<group>"; };
		8046C8801B2F7401008792DA /* ChecklistItem.swift */ = {isa = PBXFileReference; fileEncoding = 4; lastKnownFileType = sourcecode.swift; path = ChecklistItem.swift; sourceTree = "<group>"; };
/* End PBXFileReference section */

/* Begin PBXFrameworksBuildPhase section */
		8021A59A1B28C96500481134 /* Frameworks */ = {
			isa = PBXFrameworksBuildPhase;
			buildActionMask = 2147483647;
			files = (
			);
			runOnlyForDeploymentPostprocessing = 0;
		};
		8021A5AF1B28C96500481134 /* Frameworks */ = {
			isa = PBXFrameworksBuildPhase;
			buildActionMask = 2147483647;
			files = (
			);
			runOnlyForDeploymentPostprocessing = 0;
		};
/* End PBXFrameworksBuildPhase section */

/* Begin PBXGroup section */
		8021A5941B28C96500481134 = {
			isa = PBXGroup;
			children = (
				8021A59F1B28C96500481134 /* Checklists */,
				8021A5B51B28C96500481134 /* ChecklistsTests */,
				8021A59E1B28C96500481134 /* Products */,
			);
			sourceTree = "<group>";
		};
		8021A59E1B28C96500481134 /* Products */ = {
			isa = PBXGroup;
			children = (
				8021A59D1B28C96500481134 /* Checklists.app */,
				8021A5B21B28C96500481134 /* ChecklistsTests.xctest */,
			);
			name = Products;
			sourceTree = "<group>";
		};
		8021A59F1B28C96500481134 /* Checklists */ = {
			isa = PBXGroup;
			children = (
				8021A5A21B28C96500481134 /* AppDelegate.swift */,
				8021A5A41B28C96500481134 /* ChecklistViewController.swift */,
				8021A5A61B28C96500481134 /* Main.storyboard */,
				8021A5A91B28C96500481134 /* Images.xcassets */,
				8021A5AB1B28C96500481134 /* LaunchScreen.xib */,
				8021A5A01B28C96500481134 /* Supporting Files */,
				8046C8801B2F7401008792DA /* ChecklistItem.swift */,
			);
			path = Checklists;
			sourceTree = "<group>";
		};
		8021A5A01B28C96500481134 /* Supporting Files */ = {
			isa = PBXGroup;
			children = (
				8021A5A11B28C96500481134 /* Info.plist */,
			);
			name = "Supporting Files";
			sourceTree = "<group>";
		};
		8021A5B51B28C96500481134 /* ChecklistsTests */ = {
			isa = PBXGroup;
			children = (
				8021A5B81B28C96500481134 /* ChecklistsTests.swift */,
				8021A5B61B28C96500481134 /* Supporting Files */,
			);
			path = ChecklistsTests;
			sourceTree = "<group>";
		};
		8021A5B61B28C96500481134 /* Supporting Files */ = {
			isa = PBXGroup;
			children = (
				8021A5B71B28C96500481134 /* Info.plist */,
			);
			name = "Supporting Files";
			sourceTree = "<group>";
		};
/* End PBXGroup section */

/* Begin PBXNativeTarget section */
		8021A59C1B28C96500481134 /* Checklists */ = {
			isa = PBXNativeTarget;
			buildConfigurationList = 8021A5BC1B28C96500481134 /* Build configuration list for PBXNativeTarget "Checklists" */;
			buildPhases = (
				8021A5991B28C96500481134 /* Sources */,
				8021A59A1B28C96500481134 /* Frameworks */,
				8021A59B1B28C96500481134 /* Resources */,
			);
			buildRules = (
			);
			dependencies = (
			);
			name = Checklists;
			productName = Checklists;
			productReference = 8021A59D1B28C96500481134 /* Checklists.app */;
			productType = "com.apple.product-type.application";
		};
		8021A5B11B28C96500481134 /* ChecklistsTests */ = {
			isa = PBXNativeTarget;
			buildConfigurationList = 8021A5BF1B28C96500481134 /* Build configuration list for PBXNativeTarget "ChecklistsTests" */;
			buildPhases = (
				8021A5AE1B28C96500481134 /* Sources */,
				8021A5AF1B28C96500481134 /* Frameworks */,
				8021A5B01B28C96500481134 /* Resources */,
			);
			buildRules = (
			);
			dependencies = (
				8021A5B41B28C96500481134 /* PBXTargetDependency */,
			);
			name = ChecklistsTests;
			productName = ChecklistsTests;
			productReference = 8021A5B21B28C96500481134 /* ChecklistsTests.xctest */;
			productType = "com.apple.product-type.bundle.unit-test";
		};
/* End PBXNativeTarget section */

/* Begin PBXProject section */
		8021A5951B28C96500481134 /* Project object */ = {
			isa = PBXProject;
			attributes = {
				LastUpgradeCheck = 0630;
				ORGANIZATIONNAME = "Rachana Acharya";
				TargetAttributes = {
					8021A59C1B28C96500481134 = {
						CreatedOnToolsVersion = 6.3.2;
					};
					8021A5B11B28C96500481134 = {
						CreatedOnToolsVersion = 6.3.2;
						TestTargetID = 8021A59C1B28C96500481134;
					};
				};
			};
			buildConfigurationList = 8021A5981B28C96500481134 /* Build configuration list for PBXProject "Checklists" */;
			compatibilityVersion = "Xcode 3.2";
			developmentRegion = English;
			hasScannedForEncodings = 0;
			knownRegions = (
				en,
				Base,
			);
			mainGroup = 8021A5941B28C96500481134;
			productRefGroup = 8021A59E1B28C96500481134 /* Products */;
			projectDirPath = "";
			projectRoot = "";
			targets = (
				8021A59C1B28C96500481134 /* Checklists */,
				8021A5B11B28C96500481134 /* ChecklistsTests */,
			);
		};
/* End PBXProject section */

/* Begin PBXResourcesBuildPhase section */
		8021A59B1B28C96500481134 /* Resources */ = {
			isa = PBXResourcesBuildPhase;
			buildActionMask = 2147483647;
			files = (
				8021A5A81B28C96500481134 /* Main.storyboard in Resources */,
				8021A5AD1B28C96500481134 /* LaunchScreen.xib in Resources */,
				8021A5AA1B28C96500481134 /* Images.xcassets in Resources */,
			);
			runOnlyForDeploymentPostprocessing = 0;
		};
		8021A5B01B28C96500481134 /* Resources */ = {
			isa = PBXResourcesBuildPhase;
			buildActionMask = 2147483647;
			files = (
			);
			runOnlyForDeploymentPostprocessing = 0;
		};
/* End PBXResourcesBuildPhase section */

/* Begin PBXSourcesBuildPhase section */
		8021A5991B28C96500481134 /* Sources */ = {
			isa = PBXSourcesBuildPhase;
			buildActionMask = 2147483647;
			files = (
				8021A5A51B28C96500481134 /* ChecklistViewController.swift in Sources */,
				8046C8811B2F7401008792DA /* ChecklistItem.swift in Sources */,
				8021A5A31B28C96500481134 /* AppDelegate.swift in Sources */,
			);
			runOnlyForDeploymentPostprocessing = 0;
		};
		8021A5AE1B28C96500481134 /* Sources */ = {
			isa = PBXSourcesBuildPhase;
			buildActionMask = 2147483647;
			files = (
				8021A5B91B28C96500481134 /* ChecklistsTests.swift in Sources */,
			);
			runOnlyForDeploymentPostprocessing = 0;
		};
/* End PBXSourcesBuildPhase section */

/* Begin PBXTargetDependency section */
		8021A5B41B28C96500481134 /* PBXTargetDependency */ = {
			isa = PBXTargetDependency;
			target = 8021A59C1B28C96500481134 /* Checklists */;
			targetProxy = 8021A5B31B28C96500481134 /* PBXContainerItemProxy */;
		};
/* End PBXTargetDependency section */

/* Begin PBXVariantGroup section */
		8021A5A61B28C96500481134 /* Main.storyboard */ = {
			isa = PBXVariantGroup;
			children = (
				8021A5A71B28C96500481134 /* Base */,
			);
			name = Main.storyboard;
			sourceTree = "<group>";
		};
		8021A5AB1B28C96500481134 /* LaunchScreen.xib */ = {
			isa = PBXVariantGroup;
			children = (
				8021A5AC1B28C96500481134 /* Base */,
			);
			name = LaunchScreen.xib;
			sourceTree = "<group>";
		};
/* End PBXVariantGroup section */

/* Begin XCBuildConfiguration section */
		8021A5BA1B28C96500481134 /* Debug */ = {
			isa = XCBuildConfiguration;
			buildSettings = {
				ALWAYS_SEARCH_USER_PATHS = NO;
				CLANG_CXX_LANGUAGE_STANDARD = "gnu++0x";
				CLANG_CXX_LIBRARY = "libc++";
				CLANG_ENABLE_MODULES = YES;
				CLANG_ENABLE_OBJC_ARC = YES;
				CLANG_WARN_BOOL_CONVERSION = YES;
				CLANG_WARN_CONSTANT_CONVERSION = YES;
				CLANG_WARN_DIRECT_OBJC_ISA_USAGE = YES_ERROR;
				CLANG_WARN_EMPTY_BODY = YES;
				CLANG_WARN_ENUM_CONVERSION = YES;
				CLANG_WARN_INT_CONVERSION = YES;
				CLANG_WARN_OBJC_ROOT_CLASS = YES_ERROR;
				CLANG_WARN_UNREACHABLE_CODE = YES;
				CLANG_WARN__DUPLICATE_METHOD_MATCH = YES;
				"CODE_SIGN_IDENTITY[sdk=iphoneos*]" = "iPhone Developer";
				COPY_PHASE_STRIP = NO;
				DEBUG_INFORMATION_FORMAT = "dwarf-with-dsym";
				ENABLE_STRICT_OBJC_MSGSEND = YES;
				GCC_C_LANGUAGE_STANDARD = gnu99;
				GCC_DYNAMIC_NO_PIC = NO;
				GCC_NO_COMMON_BLOCKS = YES;
				GCC_OPTIMIZATION_LEVEL = 0;
				GCC_PREPROCESSOR_DEFINITIONS = (
					"DEBUG=1",
					"$(inherited)",
				);
				GCC_SYMBOLS_PRIVATE_EXTERN = NO;
				GCC_WARN_64_TO_32_BIT_CONVERSION = YES;
				GCC_WARN_ABOUT_RETURN_TYPE = YES_ERROR;
				GCC_WARN_UNDECLARED_SELECTOR = YES;
				GCC_WARN_UNINITIALIZED_AUTOS = YES_AGGRESSIVE;
				GCC_WARN_UNUSED_FUNCTION = YES;
				GCC_WARN_UNUSED_VARIABLE = YES;
				IPHONEOS_DEPLOYMENT_TARGET = 8.3;
				MTL_ENABLE_DEBUG_INFO = YES;
				ONLY_ACTIVE_ARCH = YES;
				SDKROOT = iphoneos;
				SWIFT_OPTIMIZATION_LEVEL = "-Onone";
			};
			name = Debug;
		};
		8021A5BB1B28C96500481134 /* Release */ = {
			isa = XCBuildConfiguration;
			buildSettings = {
				ALWAYS_SEARCH_USER_PATHS = NO;
				CLANG_CXX_LANGUAGE_STANDARD = "gnu++0x";
				CLANG_CXX_LIBRARY = "libc++";
				CLANG_ENABLE_MODULES = YES;
				CLANG_ENABLE_OBJC_ARC = YES;
				CLANG_WARN_BOOL_CONVERSION = YES;
				CLANG_WARN_CONSTANT_CONVERSION = YES;
				CLANG_WARN_DIRECT_OBJC_ISA_USAGE = YES_ERROR;
				CLANG_WARN_EMPTY_BODY = YES;
				CLANG_WARN_ENUM_CONVERSION = YES;
				CLANG_WARN_INT_CONVERSION = YES;
				CLANG_WARN_OBJC_ROOT_CLASS = YES_ERROR;
				CLANG_WARN_UNREACHABLE_CODE = YES;
				CLANG_WARN__DUPLICATE_METHOD_MATCH = YES;
				"CODE_SIGN_IDENTITY[sdk=iphoneos*]" = "iPhone Developer";
				COPY_PHASE_STRIP = NO;
				DEBUG_INFORMATION_FORMAT = "dwarf-with-dsym";
				ENABLE_NS_ASSERTIONS = NO;
				ENABLE_STRICT_OBJC_MSGSEND = YES;
				GCC_C_LANGUAGE_STANDARD = gnu99;
				GCC_NO_COMMON_BLOCKS = YES;
				GCC_WARN_64_TO_32_BIT_CONVERSION = YES;
				GCC_WARN_ABOUT_RETURN_TYPE = YES_ERROR;
				GCC_WARN_UNDECLARED_SELECTOR = YES;
				GCC_WARN_UNINITIALIZED_AUTOS = YES_AGGRESSIVE;
				GCC_WARN_UNUSED_FUNCTION = YES;
				GCC_WARN_UNUSED_VARIABLE = YES;
				IPHONEOS_DEPLOYMENT_TARGET = 8.3;
				MTL_ENABLE_DEBUG_INFO = NO;
				SDKROOT = iphoneos;
				VALIDATE_PRODUCT = YES;
			};
			name = Release;
		};
		8021A5BD1B28C96500481134 /* Debug */ = {
			isa = XCBuildConfiguration;
			buildSettings = {
				ASSETCATALOG_COMPILER_APPICON_NAME = AppIcon;
				INFOPLIST_FILE = Checklists/Info.plist;
				LD_RUNPATH_SEARCH_PATHS = "$(inherited) @executable_path/Frameworks";
				PRODUCT_NAME = "$(TARGET_NAME)";
			};
			name = Debug;
		};
		8021A5BE1B28C96500481134 /* Release */ = {
			isa = XCBuildConfiguration;
			buildSettings = {
				ASSETCATALOG_COMPILER_APPICON_NAME = AppIcon;
				INFOPLIST_FILE = Checklists/Info.plist;
				LD_RUNPATH_SEARCH_PATHS = "$(inherited) @executable_path/Frameworks";
				PRODUCT_NAME = "$(TARGET_NAME)";
			};
			name = Release;
		};
		8021A5C01B28C96500481134 /* Debug */ = {
			isa = XCBuildConfiguration;
			buildSettings = {
				BUNDLE_LOADER = "$(TEST_HOST)";
				FRAMEWORK_SEARCH_PATHS = (
					"$(SDKROOT)/Developer/Library/Frameworks",
					"$(inherited)",
				);
				GCC_PREPROCESSOR_DEFINITIONS = (
					"DEBUG=1",
					"$(inherited)",
				);
				INFOPLIST_FILE = ChecklistsTests/Info.plist;
				LD_RUNPATH_SEARCH_PATHS = "$(inherited) @executable_path/Frameworks @loader_path/Frameworks";
				PRODUCT_NAME = "$(TARGET_NAME)";
				TEST_HOST = "$(BUILT_PRODUCTS_DIR)/Checklists.app/Checklists";
			};
			name = Debug;
		};
		8021A5C11B28C96500481134 /* Release */ = {
			isa = XCBuildConfiguration;
			buildSettings = {
				BUNDLE_LOADER = "$(TEST_HOST)";
				FRAMEWORK_SEARCH_PATHS = (
					"$(SDKROOT)/Developer/Library/Frameworks",
					"$(inherited)",
				);
				INFOPLIST_FILE = ChecklistsTests/Info.plist;
				LD_RUNPATH_SEARCH_PATHS = "$(inherited) @executable_path/Frameworks @loader_path/Frameworks";
				PRODUCT_NAME = "$(TARGET_NAME)";
				TEST_HOST = "$(BUILT_PRODUCTS_DIR)/Checklists.app/Checklists";
			};
			name = Release;
		};
/* End XCBuildConfiguration section */

/* Begin XCConfigurationList section */
		8021A5981B28C96500481134 /* Build configuration list for PBXProject "Checklists" */ = {
			isa = XCConfigurationList;
			buildConfigurations = (
				8021A5BA1B28C96500481134 /* Debug */,
				8021A5BB1B28C96500481134 /* Release */,
			);
			defaultConfigurationIsVisible = 0;
			defaultConfigurationName = Release;
		};
		8021A5BC1B28C96500481134 /* Build configuration list for PBXNativeTarget "Checklists" */ = {
			isa = XCConfigurationList;
			buildConfigurations = (
				8021A5BD1B28C96500481134 /* Debug */,
				8021A5BE1B28C96500481134 /* Release */,
			);
			defaultConfigurationIsVisible = 0;
			defaultConfigurationName = Release;
		};
		8021A5BF1B28C96500481134 /* Build configuration list for PBXNativeTarget "ChecklistsTests" */ = {
			isa = XCConfigurationList;
			buildConfigurations = (
				8021A5C01B28C96500481134 /* Debug */,
				8021A5C11B28C96500481134 /* Release */,
			);
			defaultConfigurationIsVisible = 0;
			defaultConfigurationName = Release;
		};
/* End XCConfigurationList section */
	};
	rootObject = 8021A5951B28C96500481134 /* Project object */;
}
